
Microsoft Visual Studio Solution File, Format Version 12.00
# Visual Studio Version 17
VisualStudioVersion = 17.9.34728.123
MinimumVisualStudioVersion = 10.0.40219.1
Project("{FAE04EC0-301F-11D3-BF4B-00C04F79EFBC}") = "CoinTracker", "CoinTracker\CoinTracker.csproj", "{92FAC7D5-E371-4498-A996-60F523800F56}"
EndProject
Global
	GlobalSection(SolutionConfigurationPlatforms) = preSolution
		Debug|Any CPU = Debug|Any CPU
		Release|Any CPU = Release|Any CPU
	EndGlobalSection
	GlobalSection(ProjectConfigurationPlatforms) = postSolution
		{92FAC7D5-E371-4498-A996-60F523800F56}.Debug|Any CPU.ActiveCfg = Debug|Any CPU
		{92FAC7D5-E371-4498-A996-60F523800F56}.Debug|Any CPU.Build.0 = Debug|Any CPU
		{92FAC7D5-E371-4498-A996-60F523800F56}.Release|Any CPU.ActiveCfg = Release|Any CPU
		{92FAC7D5-E371-4498-A996-60F523800F56}.Release|Any CPU.Build.0 = Release|Any CPU
	EndGlobalSection
	GlobalSection(SolutionProperties) = preSolution
		HideSolutionNode = FALSE
	EndGlobalSection
	GlobalSection(ExtensibilityGlobals) = postSolution
		SolutionGuid = {BC0C4D84-115D-4BA6-B9F1-3599FFAC57A2}
	EndGlobalSection
EndGlobal
